
Microsoft Visual Studio Solution File, Format Version 12.00
# Visual Studio Version 17
VisualStudioVersion = 17.7.34024.191
MinimumVisualStudioVersion = 10.0.40219.1
Project("{FAE04EC0-301F-11D3-BF4B-00C04F79EFBC}") = "VCardTask", "VCardTask\VCardTask.csproj", "{99A4B5C1-C7AD-4453-BBA8-5A5A1FAD456E}"
EndProject
Global
	GlobalSection(SolutionConfigurationPlatforms) = preSolution
		Debug|Any CPU = Debug|Any CPU
		Release|Any CPU = Release|Any CPU
	EndGlobalSection
	GlobalSection(ProjectConfigurationPlatforms) = postSolution
		{99A4B5C1-C7AD-4453-BBA8-5A5A1FAD456E}.Debug|Any CPU.ActiveCfg = Debug|Any CPU
		{99A4B5C1-C7AD-4453-BBA8-5A5A1FAD456E}.Debug|Any CPU.Build.0 = Debug|Any CPU
		{99A4B5C1-C7AD-4453-BBA8-5A5A1FAD456E}.Release|Any CPU.ActiveCfg = Release|Any CPU
		{99A4B5C1-C7AD-4453-BBA8-5A5A1FAD456E}.Release|Any CPU.Build.0 = Release|Any CPU
	EndGlobalSection
	GlobalSection(SolutionProperties) = preSolution
		HideSolutionNode = FALSE
	EndGlobalSection
	GlobalSection(ExtensibilityGlobals) = postSolution
		SolutionGuid = {35162D22-21C4-49E7-A998-9C287552B907}
	EndGlobalSection
EndGlobal
